
Microsoft Visual Studio Solution File, Format Version 12.00
# Visual Studio 14
VisualStudioVersion = 14.0.25123.0
MinimumVisualStudioVersion = 10.0.40219.1
Project("{FAE04EC0-301F-11D3-BF4B-00C04F79EFBC}") = "1.DayOfWeek", "1.DayOfWeek\1.DayOfWeek.csproj", "{9560321B-D8A1-4E5F-A9C8-3212FC73C304}"
EndProject
Project("{FAE04EC0-301F-11D3-BF4B-00C04F79EFBC}") = "2.RandomizeWords", "2.RandomizeWords\2.RandomizeWords.csproj", "{6CD81D0A-F955-42E3-9D47-87CECE045C8D}"
EndProject
Project("{FAE04EC0-301F-11D3-BF4B-00C04F79EFBC}") = "3.BigFactrorial", "3.BigFactrorial\3.BigFactrorial.csproj", "{57C3D4F9-5B8F-46C9-B77F-FA7BC1D809B8}"
EndProject
Global
	GlobalSection(SolutionConfigurationPlatforms) = preSolution
		Debug|Any CPU = Debug|Any CPU
		Release|Any CPU = Release|Any CPU
	EndGlobalSection
	GlobalSection(ProjectConfigurationPlatforms) = postSolution
		{9560321B-D8A1-4E5F-A9C8-3212FC73C304}.Debug|Any CPU.ActiveCfg = Debug|Any CPU
		{9560321B-D8A1-4E5F-A9C8-3212FC73C304}.Debug|Any CPU.Build.0 = Debug|Any CPU
		{9560321B-D8A1-4E5F-A9C8-3212FC73C304}.Release|Any CPU.ActiveCfg = Release|Any CPU
		{9560321B-D8A1-4E5F-A9C8-3212FC73C304}.Release|Any CPU.Build.0 = Release|Any CPU
		{6CD81D0A-F955-42E3-9D47-87CECE045C8D}.Debug|Any CPU.ActiveCfg = Debug|Any CPU
		{6CD81D0A-F955-42E3-9D47-87CECE045C8D}.Debug|Any CPU.Build.0 = Debug|Any CPU
		{6CD81D0A-F955-42E3-9D47-87CECE045C8D}.Release|Any CPU.ActiveCfg = Release|Any CPU
		{6CD81D0A-F955-42E3-9D47-87CECE045C8D}.Release|Any CPU.Build.0 = Release|Any CPU
		{57C3D4F9-5B8F-46C9-B77F-FA7BC1D809B8}.Debug|Any CPU.ActiveCfg = Debug|Any CPU
		{57C3D4F9-5B8F-46C9-B77F-FA7BC1D809B8}.Debug|Any CPU.Build.0 = Debug|Any CPU
		{57C3D4F9-5B8F-46C9-B77F-FA7BC1D809B8}.Release|Any CPU.ActiveCfg = Release|Any CPU
		{57C3D4F9-5B8F-46C9-B77F-FA7BC1D809B8}.Release|Any CPU.Build.0 = Release|Any CPU
	EndGlobalSection
	GlobalSection(SolutionProperties) = preSolution
		HideSolutionNode = FALSE
	EndGlobalSection
EndGlobal
